# THIS IS AN AUTOGENERATED FILE. DO NOT EDIT THIS FILE DIRECTLY.
# yarn lockfile v1


"@types/jquery@*", "@types/jquery@>=2.0.48":
  version "3.5.1"
  resolved "https://registry.yarnpkg.com/@types/jquery/-/jquery-3.5.1.tgz#cebb057acf5071c40e439f30e840c57a30d406c3"
  integrity sha512-Tyctjh56U7eX2b9udu3wG853ASYP0uagChJcQJXLUXEU6C/JiW5qt5dl8ao01VRj1i5pgXPAf8f1mq4+FDLRQg==
  dependencies:
    "@types/sizzle" "*"

"@types/jqueryui@>=1.11.34":
  version "1.12.13"
  resolved "https://registry.yarnpkg.com/@types/jqueryui/-/jqueryui-1.12.13.tgz#1aa0507b4d1a75b03592d2126fbd6d2ea8e8c284"
  integrity sha512-IIOytTkwN6mBcJqi5SP8T8zqDGKy9hIpifQ0aGj1/ZjqshOoMo0yZdLp2uLIg7mQDJOwMCSC3EY1QZC/qZzvLQ==
  dependencies:
    "@types/jquery" "*"

"@types/knockout@^3.4.49":
  version "3.4.69"
  resolved "https://registry.yarnpkg.com/@types/knockout/-/knockout-3.4.69.tgz#f1d8a65cf082f08dc3b60c70bf358e95f2a5ec88"
  integrity sha512-XoLJogerYjpY0Ddpd8qJpkrDvCuY7H0jRh1zi5UF3SZlfRHVMARdXqLq0Zx0wyy8qrYsgkiPLMj1K0/zvYPJ+g==

"@types/mousetrap@~1.5.34":
  version "1.5.34"
  resolved "https://registry.yarnpkg.com/@types/mousetrap/-/mousetrap-1.5.34.tgz#22b338d9c4bcdfd8f81c30684aefeb04a4727168"
  integrity sha512-a2yhRIADupQfOFM75v7GfcQQLUxU705+i/xcZ3N/3PK3Xdo31SUfuCUByWPGOHB1e38m7MxTx/D8FPVsJXZKJw==

"@types/q@0.0.32":
  version "0.0.32"
  resolved "https://registry.yarnpkg.com/@types/q/-/q-0.0.32.tgz#bd284e57c84f1325da702babfc82a5328190c0c5"
  integrity sha1-vShOV8hPEyXacCur/IKlMoGQwMU=

"@types/react@^15.6.12":
  version "15.6.28"
  resolved "https://registry.yarnpkg.com/@types/react/-/react-15.6.28.tgz#fd1e2116828c1b229b3354b6557af9828435bb2b"
  integrity sha512-xqkECNDgjbHK2Ak99XRaK07pBq8jpbnpxfY8MNSaSbQxzksX782ALRuU6J9zjKI5PmJdRTYOLfa4KjnJYxmHfw==

"@types/requirejs@>=2.1.28":
  version "2.1.32"
  resolved "https://registry.yarnpkg.com/@types/requirejs/-/requirejs-2.1.32.tgz#c936a1f4b08f0a8bc10a380d7b837ccf9137d4b9"
  integrity sha512-TM8LeNLJkEKDcx2414tsU+aKX+Pcfx8siRgZJWsb16KT77TT2FxINO48dLLkx8a5fEuJYb+rcfgPcvq6vt96NQ==

"@types/sizzle@*":
  version "2.3.2"
  resolved "https://registry.yarnpkg.com/@types/sizzle/-/sizzle-2.3.2.tgz#a811b8c18e2babab7d542b3365887ae2e4d9de47"
  integrity sha512-7EJYyKTL7tFR8+gDbB6Wwz/arpGa0Mywk1TJbNzKzHtzbwVmY4HR9WqS5VV7dsBUKQmPNr192jHr/VpBluj/hg==

jquery@3.5.1:
  version "3.5.1"
  resolved "https://registry.yarnpkg.com/jquery/-/jquery-3.5.1.tgz#d7b4d08e1bfdb86ad2f1a3d039ea17304717abb5"
  integrity sha512-XwIBPqcMn57FxfT+Go5pzySnm4KWkT1Tv7gjrpT1srtf8Weynl6R273VJ5GjkRb51IzMp5nbaPjJXMWeju2MKg==

vss-web-extension-sdk@5.141.0:
  version "5.141.0"
  resolved "https://registry.yarnpkg.com/vss-web-extension-sdk/-/vss-web-extension-sdk-5.141.0.tgz#368b6fcaf5e7ab849f4fb98689b6694d78224ccf"
  integrity sha512-c/r/HWQh4hljKOSNQMiFoeICckKFfU/1nxDCVFhioDHOE8B0i5aJN9rrihGilgMXugzl8K5hBsZs42eFqd30AQ==
  dependencies:
    "@types/jquery" ">=2.0.48"
    "@types/jqueryui" ">=1.11.34"
    "@types/knockout" "^3.4.49"
    "@types/mousetrap" "~1.5.34"
    "@types/q" "0.0.32"
    "@types/react" "^15.6.12"
    "@types/requirejs" ">=2.1.28"
