# THIS IS AN AUTOGENERATED FILE. DO NOT EDIT THIS FILE DIRECTLY.
# yarn lockfile v1


"@types/jquery@*":
  version "3.5.1"
  resolved "https://registry.yarnpkg.com/@types/jquery/-/jquery-3.5.1.tgz#cebb057acf5071c40e439f30e840c57a30d406c3"
  integrity sha512-Tyctjh56U7eX2b9udu3wG853ASYP0uagChJcQJXLUXEU6C/JiW5qt5dl8ao01VRj1i5pgXPAf8f1mq4+FDLRQg==
  dependencies:
    "@types/sizzle" "*"

"@types/jquery@^2.0.34":
  version "2.0.54"
  resolved "https://registry.yarnpkg.com/@types/jquery/-/jquery-2.0.54.tgz#d7999245f77c3fab5d84e7d32b8a6c20bfd1f072"
  integrity sha512-D/PomKwNkDfSKD13DEVQT/pq2TUjN54c6uB341fEZanIzkjfGe7UaFuuaLZbpEiS5j7Wk2MUHAZqZIoECw29lg==

"@types/jqueryui@^1.11.31":
  version "1.12.13"
  resolved "https://registry.yarnpkg.com/@types/jqueryui/-/jqueryui-1.12.13.tgz#1aa0507b4d1a75b03592d2126fbd6d2ea8e8c284"
  integrity sha512-IIOytTkwN6mBcJqi5SP8T8zqDGKy9hIpifQ0aGj1/ZjqshOoMo0yZdLp2uLIg7mQDJOwMCSC3EY1QZC/qZzvLQ==
  dependencies:
    "@types/jquery" "*"

"@types/knockout@^3.4.38":
  version "3.4.69"
  resolved "https://registry.yarnpkg.com/@types/knockout/-/knockout-3.4.69.tgz#f1d8a65cf082f08dc3b60c70bf358e95f2a5ec88"
  integrity sha512-XoLJogerYjpY0Ddpd8qJpkrDvCuY7H0jRh1zi5UF3SZlfRHVMARdXqLq0Zx0wyy8qrYsgkiPLMj1K0/zvYPJ+g==

"@types/q@0.0.32":
  version "0.0.32"
  resolved "https://registry.yarnpkg.com/@types/q/-/q-0.0.32.tgz#bd284e57c84f1325da702babfc82a5328190c0c5"
  integrity sha1-vShOV8hPEyXacCur/IKlMoGQwMU=

"@types/react@^0.14.54":
  version "0.14.57"
  resolved "https://registry.yarnpkg.com/@types/react/-/react-0.14.57.tgz#1878a8654fafdd1d381b8457292b6433498c5b62"
  integrity sha1-GHioZU+v3R04G4RXKStkM0mMW2I=

"@types/requirejs@^2.1.28":
  version "2.1.32"
  resolved "https://registry.yarnpkg.com/@types/requirejs/-/requirejs-2.1.32.tgz#c936a1f4b08f0a8bc10a380d7b837ccf9137d4b9"
  integrity sha512-TM8LeNLJkEKDcx2414tsU+aKX+Pcfx8siRgZJWsb16KT77TT2FxINO48dLLkx8a5fEuJYb+rcfgPcvq6vt96NQ==

"@types/sizzle@*":
  version "2.3.2"
  resolved "https://registry.yarnpkg.com/@types/sizzle/-/sizzle-2.3.2.tgz#a811b8c18e2babab7d542b3365887ae2e4d9de47"
  integrity sha512-7EJYyKTL7tFR8+gDbB6Wwz/arpGa0Mywk1TJbNzKzHtzbwVmY4HR9WqS5VV7dsBUKQmPNr192jHr/VpBluj/hg==

jquery@^3.2.1:
  version "3.5.1"
  resolved "https://registry.yarnpkg.com/jquery/-/jquery-3.5.1.tgz#d7b4d08e1bfdb86ad2f1a3d039ea17304717abb5"
  integrity sha512-XwIBPqcMn57FxfT+Go5pzySnm4KWkT1Tv7gjrpT1srtf8Weynl6R273VJ5GjkRb51IzMp5nbaPjJXMWeju2MKg==

vss-web-extension-sdk@^2.117.0:
  version "2.117.0"
  resolved "https://registry.yarnpkg.com/vss-web-extension-sdk/-/vss-web-extension-sdk-2.117.0.tgz#f0cfdff4643f12ea607c2d67bf63671bac27bb47"
  integrity sha1-8M/f9GQ/EupgfC1nv2NnG6wnu0c=
  dependencies:
    "@types/jquery" "^2.0.34"
    "@types/jqueryui" "^1.11.31"
    "@types/knockout" "^3.4.38"
    "@types/q" "0.0.32"
    "@types/react" "^0.14.54"
    "@types/requirejs" "^2.1.28"
